// !$*UTF8*$!
{
	archiveVersion = 1;
	classes = {
	};
	objectVersion = 50;
	objects = {

/* Begin PBXBuildFile section */
		38CDEAAC21E1DFDF00034C89 /* signature.cpp in Sources */ = {isa = PBXBuildFile; fileRef = 38CDEAAA21E1DFDF00034C89 /* signature.cpp */; };
		38CDEAAF21E1E2A700034C89 /* sha224-256.cpp in Sources */ = {isa = PBXBuildFile; fileRef = 38CDEAAE21E1E2A700034C89 /* sha224-256.cpp */; };
		38CDEAB321E226B400034C89 /* curves.cpp in Sources */ = {isa = PBXBuildFile; fileRef = 38CDEAB221E226B400034C89 /* curves.cpp */; };
		38F4993C21E1D55A00806543 /* main.cpp in Sources */ = {isa = PBXBuildFile; fileRef = 38F4993B21E1D55A00806543 /* main.cpp */; };
/* End PBXBuildFile section */

/* Begin PBXCopyFilesBuildPhase section */
		38F4993621E1D55A00806543 /* CopyFiles */ = {
			isa = PBXCopyFilesBuildPhase;
			buildActionMask = 2147483647;
			dstPath = /usr/share/man/man1/;
			dstSubfolderSpec = 0;
			files = (
			);
			runOnlyForDeploymentPostprocessing = 1;
		};
/* End PBXCopyFilesBuildPhase section */

/* Begin PBXFileReference section */
		38CDEAAA21E1DFDF00034C89 /* signature.cpp */ = {isa = PBXFileReference; lastKnownFileType = sourcecode.cpp.cpp; path = signature.cpp; sourceTree = "<group>"; };
		38CDEAAB21E1DFDF00034C89 /* signature.hpp */ = {isa = PBXFileReference; lastKnownFileType = sourcecode.cpp.h; path = signature.hpp; sourceTree = "<group>"; };
		38CDEAAD21E1E1C400034C89 /* sha.h */ = {isa = PBXFileReference; fileEncoding = 4; lastKnownFileType = sourcecode.c.h; path = sha.h; sourceTree = "<group>"; };
		38CDEAAE21E1E2A700034C89 /* sha224-256.cpp */ = {isa = PBXFileReference; fileEncoding = 4; lastKnownFileType = sourcecode.cpp.cpp; path = "sha224-256.cpp"; sourceTree = "<group>"; };
		38CDEAB021E1E38C00034C89 /* sha-private.h */ = {isa = PBXFileReference; fileEncoding = 4; lastKnownFileType = sourcecode.c.h; path = "sha-private.h"; sourceTree = "<group>"; };
		38CDEAB121E226B400034C89 /* curves.hpp */ = {isa = PBXFileReference; fileEncoding = 4; lastKnownFileType = sourcecode.cpp.h; path = curves.hpp; sourceTree = "<group>"; };
		38CDEAB221E226B400034C89 /* curves.cpp */ = {isa = PBXFileReference; fileEncoding = 4; lastKnownFileType = sourcecode.cpp.cpp; path = curves.cpp; sourceTree = "<group>"; };
		38F4993821E1D55A00806543 /* ecdsa */ = {isa = PBXFileReference; explicitFileType = "compiled.mach-o.executable"; includeInIndex = 0; path = ecdsa; sourceTree = BUILT_PRODUCTS_DIR; };
		38F4993B21E1D55A00806543 /* main.cpp */ = {isa = PBXFileReference; lastKnownFileType = sourcecode.cpp.cpp; path = main.cpp; sourceTree = "<group>"; };
/* End PBXFileReference section */

/* Begin PBXFrameworksBuildPhase section */
		38F4993521E1D55A00806543 /* Frameworks */ = {
			isa = PBXFrameworksBuildPhase;
			buildActionMask = 2147483647;
			files = (
			);
			runOnlyForDeploymentPostprocessing = 0;
		};
/* End PBXFrameworksBuildPhase section */

/* Begin PBXGroup section */
		38F4992F21E1D55A00806543 = {
			isa = PBXGroup;
			children = (
				38F4993A21E1D55A00806543 /* ecdsa */,
				38F4993921E1D55A00806543 /* Products */,
			);
			sourceTree = "<group>";
		};
		38F4993921E1D55A00806543 /* Products */ = {
			isa = PBXGroup;
			children = (
				38F4993821E1D55A00806543 /* ecdsa */,
			);
			name = Products;
			sourceTree = "<group>";
		};
		38F4993A21E1D55A00806543 /* ecdsa */ = {
			isa = PBXGroup;
			children = (
				38CDEAB221E226B400034C89 /* curves.cpp */,
				38CDEAB121E226B400034C89 /* curves.hpp */,
				38CDEAAD21E1E1C400034C89 /* sha.h */,
				38CDEAB021E1E38C00034C89 /* sha-private.h */,
				38CDEAAE21E1E2A700034C89 /* sha224-256.cpp */,
				38F4993B21E1D55A00806543 /* main.cpp */,
				38CDEAAA21E1DFDF00034C89 /* signature.cpp */,
				38CDEAAB21E1DFDF00034C89 /* signature.hpp */,
			);
			path = ecdsa;
			sourceTree = "<group>";
		};
/* End PBXGroup section */

/* Begin PBXNativeTarget section */
		38F4993721E1D55A00806543 /* ecdsa */ = {
			isa = PBXNativeTarget;
			buildConfigurationList = 38F4993F21E1D55A00806543 /* Build configuration list for PBXNativeTarget "ecdsa" */;
			buildPhases = (
				38F4993421E1D55A00806543 /* Sources */,
				38F4993521E1D55A00806543 /* Frameworks */,
				38F4993621E1D55A00806543 /* CopyFiles */,
			);
			buildRules = (
			);
			dependencies = (
			);
			name = ecdsa;
			productName = ecdsa;
			productReference = 38F4993821E1D55A00806543 /* ecdsa */;
			productType = "com.apple.product-type.tool";
		};
/* End PBXNativeTarget section */

/* Begin PBXProject section */
		38F4993021E1D55A00806543 /* Project object */ = {
			isa = PBXProject;
			attributes = {
				LastUpgradeCheck = 1010;
				ORGANIZATIONNAME = AA55;
				TargetAttributes = {
					38F4993721E1D55A00806543 = {
						CreatedOnToolsVersion = 10.1;
					};
				};
			};
			buildConfigurationList = 38F4993321E1D55A00806543 /* Build configuration list for PBXProject "ecdsa" */;
			compatibilityVersion = "Xcode 9.3";
			developmentRegion = en;
			hasScannedForEncodings = 0;
			knownRegions = (
				en,
			);
			mainGroup = 38F4992F21E1D55A00806543;
			productRefGroup = 38F4993921E1D55A00806543 /* Products */;
			projectDirPath = "";
			projectRoot = "";
			targets = (
				38F4993721E1D55A00806543 /* ecdsa */,
			);
		};
/* End PBXProject section */

/* Begin PBXSourcesBuildPhase section */
		38F4993421E1D55A00806543 /* Sources */ = {
			isa = PBXSourcesBuildPhase;
			buildActionMask = 2147483647;
			files = (
				38F4993C21E1D55A00806543 /* main.cpp in Sources */,
				38CDEAAC21E1DFDF00034C89 /* signature.cpp in Sources */,
				38CDEAAF21E1E2A700034C89 /* sha224-256.cpp in Sources */,
				38CDEAB321E226B400034C89 /* curves.cpp in Sources */,
			);
			runOnlyForDeploymentPostprocessing = 0;
		};
/* End PBXSourcesBuildPhase section */

/* Begin XCBuildConfiguration section */
		38F4993D21E1D55A00806543 /* Debug */ = {
			isa = XCBuildConfiguration;
			buildSettings = {
				ALWAYS_SEARCH_USER_PATHS = NO;
				CLANG_ANALYZER_NONNULL = YES;
				CLANG_ANALYZER_NUMBER_OBJECT_CONVERSION = YES_AGGRESSIVE;
				CLANG_CXX_LANGUAGE_STANDARD = "gnu++14";
				CLANG_CXX_LIBRARY = "libc++";
				CLANG_ENABLE_MODULES = YES;
				CLANG_ENABLE_OBJC_ARC = YES;
				CLANG_ENABLE_OBJC_WEAK = YES;
				CLANG_WARN_BLOCK_CAPTURE_AUTORELEASING = YES;
				CLANG_WARN_BOOL_CONVERSION = YES;
				CLANG_WARN_COMMA = YES;
				CLANG_WARN_CONSTANT_CONVERSION = YES;
				CLANG_WARN_DEPRECATED_OBJC_IMPLEMENTATIONS = YES;
				CLANG_WARN_DIRECT_OBJC_ISA_USAGE = YES_ERROR;
				CLANG_WARN_DOCUMENTATION_COMMENTS = YES;
				CLANG_WARN_EMPTY_BODY = YES;
				CLANG_WARN_ENUM_CONVERSION = YES;
				CLANG_WARN_INFINITE_RECURSION = YES;
				CLANG_WARN_INT_CONVERSION = YES;
				CLANG_WARN_NON_LITERAL_NULL_CONVERSION = YES;
				CLANG_WARN_OBJC_IMPLICIT_RETAIN_SELF = YES;
				CLANG_WARN_OBJC_LITERAL_CONVERSION = YES;
				CLANG_WARN_OBJC_ROOT_CLASS = YES_ERROR;
				CLANG_WARN_RANGE_LOOP_ANALYSIS = YES;
				CLANG_WARN_STRICT_PROTOTYPES = YES;
				CLANG_WARN_SUSPICIOUS_MOVE = YES;
				CLANG_WARN_UNGUARDED_AVAILABILITY = YES_AGGRESSIVE;
				CLANG_WARN_UNREACHABLE_CODE = YES;
				CLANG_WARN__DUPLICATE_METHOD_MATCH = YES;
				CODE_SIGN_IDENTITY = "-";
				COPY_PHASE_STRIP = NO;
				DEBUG_INFORMATION_FORMAT = dwarf;
				ENABLE_STRICT_OBJC_MSGSEND = YES;
				ENABLE_TESTABILITY = YES;
				GCC_C_LANGUAGE_STANDARD = gnu11;
				GCC_DYNAMIC_NO_PIC = NO;
				GCC_NO_COMMON_BLOCKS = YES;
				GCC_OPTIMIZATION_LEVEL = 0;
				GCC_PREPROCESSOR_DEFINITIONS = (
					"DEBUG=1",
					"$(inherited)",
				);
				GCC_WARN_64_TO_32_BIT_CONVERSION = YES;
				GCC_WARN_ABOUT_RETURN_TYPE = YES_ERROR;
				GCC_WARN_UNDECLARED_SELECTOR = YES;
				GCC_WARN_UNINITIALIZED_AUTOS = YES_AGGRESSIVE;
				GCC_WARN_UNUSED_FUNCTION = YES;
				GCC_WARN_UNUSED_VARIABLE = YES;
				MACOSX_DEPLOYMENT_TARGET = 10.14;
				MTL_ENABLE_DEBUG_INFO = INCLUDE_SOURCE;
				MTL_FAST_MATH = YES;
				ONLY_ACTIVE_ARCH = YES;
				SDKROOT = macosx;
			};
			name = Debug;
		};
		38F4993E21E1D55A00806543 /* Release */ = {
			isa = XCBuildConfiguration;
			buildSettings = {
				ALWAYS_SEARCH_USER_PATHS = NO;
				CLANG_ANALYZER_NONNULL = YES;
				CLANG_ANALYZER_NUMBER_OBJECT_CONVERSION = YES_AGGRESSIVE;
				CLANG_CXX_LANGUAGE_STANDARD = "gnu++14";
				CLANG_CXX_LIBRARY = "libc++";
				CLANG_ENABLE_MODULES = YES;
				CLANG_ENABLE_OBJC_ARC = YES;
				CLANG_ENABLE_OBJC_WEAK = YES;
				CLANG_WARN_BLOCK_CAPTURE_AUTORELEASING = YES;
				CLANG_WARN_BOOL_CONVERSION = YES;
				CLANG_WARN_COMMA = YES;
				CLANG_WARN_CONSTANT_CONVERSION = YES;
				CLANG_WARN_DEPRECATED_OBJC_IMPLEMENTATIONS = YES;
				CLANG_WARN_DIRECT_OBJC_ISA_USAGE = YES_ERROR;
				CLANG_WARN_DOCUMENTATION_COMMENTS = YES;
				CLANG_WARN_EMPTY_BODY = YES;
				CLANG_WARN_ENUM_CONVERSION = YES;
				CLANG_WARN_INFINITE_RECURSION = YES;
				CLANG_WARN_INT_CONVERSION = YES;
				CLANG_WARN_NON_LITERAL_NULL_CONVERSION = YES;
				CLANG_WARN_OBJC_IMPLICIT_RETAIN_SELF = YES;
				CLANG_WARN_OBJC_LITERAL_CONVERSION = YES;
				CLANG_WARN_OBJC_ROOT_CLASS = YES_ERROR;
				CLANG_WARN_RANGE_LOOP_ANALYSIS = YES;
				CLANG_WARN_STRICT_PROTOTYPES = YES;
				CLANG_WARN_SUSPICIOUS_MOVE = YES;
				CLANG_WARN_UNGUARDED_AVAILABILITY = YES_AGGRESSIVE;
				CLANG_WARN_UNREACHABLE_CODE = YES;
				CLANG_WARN__DUPLICATE_METHOD_MATCH = YES;
				CODE_SIGN_IDENTITY = "-";
				COPY_PHASE_STRIP = NO;
				DEBUG_INFORMATION_FORMAT = "dwarf-with-dsym";
				ENABLE_NS_ASSERTIONS = NO;
				ENABLE_STRICT_OBJC_MSGSEND = YES;
				GCC_C_LANGUAGE_STANDARD = gnu11;
				GCC_NO_COMMON_BLOCKS = YES;
				GCC_WARN_64_TO_32_BIT_CONVERSION = YES;
				GCC_WARN_ABOUT_RETURN_TYPE = YES_ERROR;
				GCC_WARN_UNDECLARED_SELECTOR = YES;
				GCC_WARN_UNINITIALIZED_AUTOS = YES_AGGRESSIVE;
				GCC_WARN_UNUSED_FUNCTION = YES;
				GCC_WARN_UNUSED_VARIABLE = YES;
				MACOSX_DEPLOYMENT_TARGET = 10.14;
				MTL_ENABLE_DEBUG_INFO = NO;
				MTL_FAST_MATH = YES;
				SDKROOT = macosx;
			};
			name = Release;
		};
		38F4994021E1D55A00806543 /* Debug */ = {
			isa = XCBuildConfiguration;
			buildSettings = {
				CODE_SIGN_STYLE = Automatic;
				"HEADER_SEARCH_PATHS[arch=*]" = /usr/local/include;
				"LIBRARY_SEARCH_PATHS[arch=*]" = /usr/local/lib;
				OTHER_LDFLAGS = (
					"-lgmp",
					"-lgmpxx",
				);
				PRODUCT_NAME = "$(TARGET_NAME)";
			};
			name = Debug;
		};
		38F4994121E1D55A00806543 /* Release */ = {
			isa = XCBuildConfiguration;
			buildSettings = {
				CODE_SIGN_STYLE = Automatic;
				"HEADER_SEARCH_PATHS[arch=*]" = /usr/local/include;
				"LIBRARY_SEARCH_PATHS[arch=*]" = /usr/local/lib;
				OTHER_LDFLAGS = (
					"-lgmp",
					"-lgmpxx",
				);
				PRODUCT_NAME = "$(TARGET_NAME)";
			};
			name = Release;
		};
/* End XCBuildConfiguration section */

/* Begin XCConfigurationList section */
		38F4993321E1D55A00806543 /* Build configuration list for PBXProject "ecdsa" */ = {
			isa = XCConfigurationList;
			buildConfigurations = (
				38F4993D21E1D55A00806543 /* Debug */,
				38F4993E21E1D55A00806543 /* Release */,
			);
			defaultConfigurationIsVisible = 0;
			defaultConfigurationName = Release;
		};
		38F4993F21E1D55A00806543 /* Build configuration list for PBXNativeTarget "ecdsa" */ = {
			isa = XCConfigurationList;
			buildConfigurations = (
				38F4994021E1D55A00806543 /* Debug */,
				38F4994121E1D55A00806543 /* Release */,
			);
			defaultConfigurationIsVisible = 0;
			defaultConfigurationName = Release;
		};
/* End XCConfigurationList section */
	};
	rootObject = 38F4993021E1D55A00806543 /* Project object */;
}
